
Microsoft Visual Studio Solution File, Format Version 12.00
# Visual Studio 14
VisualStudioVersion = 14.0.25420.1
MinimumVisualStudioVersion = 10.0.40219.1
Project("{FAE04EC0-301F-11D3-BF4B-00C04F79EFBC}") = "InnerWorkings", "InnerWorkings\InnerWorkings.csproj", "{35C15DA5-3E32-4B80-A546-6A2604D6330A}"
EndProject
Project("{FAE04EC0-301F-11D3-BF4B-00C04F79EFBC}") = "InnerWorkingsTests", "InnerWorkingsTests\InnerWorkingsTests.csproj", "{AFED823C-44DF-477E-968D-A3BCB127755A}"
EndProject
Global
	GlobalSection(SolutionConfigurationPlatforms) = preSolution
		Debug|Any CPU = Debug|Any CPU
		Release|Any CPU = Release|Any CPU
	EndGlobalSection
	GlobalSection(ProjectConfigurationPlatforms) = postSolution
		{35C15DA5-3E32-4B80-A546-6A2604D6330A}.Debug|Any CPU.ActiveCfg = Debug|Any CPU
		{35C15DA5-3E32-4B80-A546-6A2604D6330A}.Debug|Any CPU.Build.0 = Debug|Any CPU
		{35C15DA5-3E32-4B80-A546-6A2604D6330A}.Release|Any CPU.ActiveCfg = Release|Any CPU
		{35C15DA5-3E32-4B80-A546-6A2604D6330A}.Release|Any CPU.Build.0 = Release|Any CPU
		{AFED823C-44DF-477E-968D-A3BCB127755A}.Debug|Any CPU.ActiveCfg = Debug|Any CPU
		{AFED823C-44DF-477E-968D-A3BCB127755A}.Debug|Any CPU.Build.0 = Debug|Any CPU
		{AFED823C-44DF-477E-968D-A3BCB127755A}.Release|Any CPU.ActiveCfg = Release|Any CPU
		{AFED823C-44DF-477E-968D-A3BCB127755A}.Release|Any CPU.Build.0 = Release|Any CPU
	EndGlobalSection
	GlobalSection(SolutionProperties) = preSolution
		HideSolutionNode = FALSE
	EndGlobalSection
EndGlobal
